# This file is autogenerated, do not edit; changes may be undone by the next 'dep ensure'.


[[projects]]
  branch = "master"
  name = "github.com/go-sql-driver/mysql"
  packages = ["."]
  revision = "749ddf1598b47e3cd909414bda735fe790ef3d30"

[[projects]]
  branch = "master"
  name = "github.com/jinzhu/gorm"
  packages = [
    ".",
    "dialects/mysql"
  ]
  revision = "0fd395ab37aefd2d50854f0556a4311dccc6f45a"

[[projects]]
  branch = "master"
  name = "github.com/jinzhu/inflection"
  packages = ["."]
  revision = "04140366298a54a039076d798123ffa108fff46c"

[[projects]]
  name = "google.golang.org/appengine"
  packages = ["cloudsql"]
  revision = "b1f26356af11148e710935ed1ac8a7f5702c7612"
  version = "v1.1.0"

[solve-meta]
  analyzer-name = "dep"
  analyzer-version = 1
  inputs-digest = "6561ea7601792d90848e836f313b5a7a87606556499bd524555b3f66fc8f81b5"
  solver-name = "gps-cdcl"
  solver-version = 1
